
Microsoft Visual Studio Solution File, Format Version 12.00
# Visual Studio Version 17
VisualStudioVersion = 17.3.32825.248
MinimumVisualStudioVersion = 10.0.40219.1
Project("{FAE04EC0-301F-11D3-BF4B-00C04F79EFBC}") = "ConsoleApp1", "ConsoleApp1\ConsoleApp1.csproj", "{AC0D34E3-AC28-46CA-97B7-90EB34BF425C}"
EndProject
Global
	GlobalSection(SolutionConfigurationPlatforms) = preSolution
		Debug|Any CPU = Debug|Any CPU
		Release|Any CPU = Release|Any CPU
	EndGlobalSection
	GlobalSection(ProjectConfigurationPlatforms) = postSolution
		{AC0D34E3-AC28-46CA-97B7-90EB34BF425C}.Debug|Any CPU.ActiveCfg = Debug|Any CPU
		{AC0D34E3-AC28-46CA-97B7-90EB34BF425C}.Debug|Any CPU.Build.0 = Debug|Any CPU
		{AC0D34E3-AC28-46CA-97B7-90EB34BF425C}.Release|Any CPU.ActiveCfg = Release|Any CPU
		{AC0D34E3-AC28-46CA-97B7-90EB34BF425C}.Release|Any CPU.Build.0 = Release|Any CPU
	EndGlobalSection
	GlobalSection(SolutionProperties) = preSolution
		HideSolutionNode = FALSE
	EndGlobalSection
	GlobalSection(ExtensibilityGlobals) = postSolution
		SolutionGuid = {82E08B51-6B8F-48AD-9780-B781695247CC}
	EndGlobalSection
EndGlobal
