
Microsoft Visual Studio Solution File, Format Version 12.00
# Visual Studio Version 17
VisualStudioVersion = 17.2.32630.192
MinimumVisualStudioVersion = 10.0.40219.1
Project("{FAE04EC0-301F-11D3-BF4B-00C04F79EFBC}") = "ProjetinhoFoguete", "ProjetinhoFoguete\ProjetinhoFoguete.csproj", "{D20A7AE2-0174-4A6C-B93E-BC1B93D0C37E}"
EndProject
Global
	GlobalSection(SolutionConfigurationPlatforms) = preSolution
		Debug|Any CPU = Debug|Any CPU
		Release|Any CPU = Release|Any CPU
	EndGlobalSection
	GlobalSection(ProjectConfigurationPlatforms) = postSolution
		{D20A7AE2-0174-4A6C-B93E-BC1B93D0C37E}.Debug|Any CPU.ActiveCfg = Debug|Any CPU
		{D20A7AE2-0174-4A6C-B93E-BC1B93D0C37E}.Debug|Any CPU.Build.0 = Debug|Any CPU
		{D20A7AE2-0174-4A6C-B93E-BC1B93D0C37E}.Release|Any CPU.ActiveCfg = Release|Any CPU
		{D20A7AE2-0174-4A6C-B93E-BC1B93D0C37E}.Release|Any CPU.Build.0 = Release|Any CPU
	EndGlobalSection
	GlobalSection(SolutionProperties) = preSolution
		HideSolutionNode = FALSE
	EndGlobalSection
	GlobalSection(ExtensibilityGlobals) = postSolution
		SolutionGuid = {2A8FB67D-76FB-4A80-AADC-D0C6AED867B8}
	EndGlobalSection
EndGlobal
