
Microsoft Visual Studio Solution File, Format Version 12.00
# Visual Studio Version 17
VisualStudioVersion = 17.2.32630.192
MinimumVisualStudioVersion = 10.0.40219.1
Project("{FAE04EC0-301F-11D3-BF4B-00C04F79EFBC}") = "teste", "teste\teste.csproj", "{36ABC9D7-065E-474C-94FF-323E5779F6A6}"
EndProject
Global
	GlobalSection(SolutionConfigurationPlatforms) = preSolution
		Debug|Any CPU = Debug|Any CPU
		Release|Any CPU = Release|Any CPU
	EndGlobalSection
	GlobalSection(ProjectConfigurationPlatforms) = postSolution
		{36ABC9D7-065E-474C-94FF-323E5779F6A6}.Debug|Any CPU.ActiveCfg = Debug|Any CPU
		{36ABC9D7-065E-474C-94FF-323E5779F6A6}.Debug|Any CPU.Build.0 = Debug|Any CPU
		{36ABC9D7-065E-474C-94FF-323E5779F6A6}.Release|Any CPU.ActiveCfg = Release|Any CPU
		{36ABC9D7-065E-474C-94FF-323E5779F6A6}.Release|Any CPU.Build.0 = Release|Any CPU
	EndGlobalSection
	GlobalSection(SolutionProperties) = preSolution
		HideSolutionNode = FALSE
	EndGlobalSection
	GlobalSection(ExtensibilityGlobals) = postSolution
		SolutionGuid = {93A7A95E-EAC7-41AD-A38C-008C2E9B2D62}
	EndGlobalSection
EndGlobal
